
Microsoft Visual Studio Solution File, Format Version 12.00
# Visual Studio Version 17
VisualStudioVersion = 17.8.34525.116
MinimumVisualStudioVersion = 10.0.40219.1
Project("{888888A0-9F3D-457C-B088-3A5042F75D52}") = "TO-DO-LIST", "TO-DO-LIST\TO-DO-LIST.pyproj", "{08A787BE-2996-46ED-8539-57BF13D2574D}"
EndProject
Global
	GlobalSection(SolutionConfigurationPlatforms) = preSolution
		Debug|Any CPU = Debug|Any CPU
		Release|Any CPU = Release|Any CPU
	EndGlobalSection
	GlobalSection(ProjectConfigurationPlatforms) = postSolution
		{08A787BE-2996-46ED-8539-57BF13D2574D}.Debug|Any CPU.ActiveCfg = Debug|Any CPU
		{08A787BE-2996-46ED-8539-57BF13D2574D}.Release|Any CPU.ActiveCfg = Release|Any CPU
	EndGlobalSection
	GlobalSection(SolutionProperties) = preSolution
		HideSolutionNode = FALSE
	EndGlobalSection
	GlobalSection(ExtensibilityGlobals) = postSolution
		SolutionGuid = {174E5DEC-4F03-488D-9A02-603A1D8D7CEE}
	EndGlobalSection
EndGlobal
